
Microsoft Visual Studio Solution File, Format Version 12.00
# Visual Studio Version 16
VisualStudioVersion = 16.0.28803.452
MinimumVisualStudioVersion = 10.0.40219.1
Project("{FAE04EC0-301F-11D3-BF4B-00C04F79EFBC}") = "Neeley-MegaDesk1.0", "Neeley-MegaDesk1.0\Neeley-MegaDesk1.0.csproj", "{DDD2BE10-1FA4-455A-93D8-9443417E0686}"
EndProject
Global
	GlobalSection(SolutionConfigurationPlatforms) = preSolution
		Debug|Any CPU = Debug|Any CPU
		Release|Any CPU = Release|Any CPU
	EndGlobalSection
	GlobalSection(ProjectConfigurationPlatforms) = postSolution
		{DDD2BE10-1FA4-455A-93D8-9443417E0686}.Debug|Any CPU.ActiveCfg = Debug|Any CPU
		{DDD2BE10-1FA4-455A-93D8-9443417E0686}.Debug|Any CPU.Build.0 = Debug|Any CPU
		{DDD2BE10-1FA4-455A-93D8-9443417E0686}.Release|Any CPU.ActiveCfg = Release|Any CPU
		{DDD2BE10-1FA4-455A-93D8-9443417E0686}.Release|Any CPU.Build.0 = Release|Any CPU
	EndGlobalSection
	GlobalSection(SolutionProperties) = preSolution
		HideSolutionNode = FALSE
	EndGlobalSection
	GlobalSection(ExtensibilityGlobals) = postSolution
		SolutionGuid = {BF420FA3-1E24-46BF-92EE-9B8508EB0D6F}
	EndGlobalSection
EndGlobal
